
Microsoft Visual Studio Solution File, Format Version 12.00
# Visual Studio Version 17
VisualStudioVersion = 17.8.34316.72
MinimumVisualStudioVersion = 10.0.40219.1
Project("{FAE04EC0-301F-11D3-BF4B-00C04F79EFBC}") = "Wpf.MintShopApp", "Wpf.MintShopApp\Wpf.MintShopApp.csproj", "{5BFB66DC-A75F-4518-8E71-FD3902285BBF}"
EndProject
Global
	GlobalSection(SolutionConfigurationPlatforms) = preSolution
		Debug|Any CPU = Debug|Any CPU
		Release|Any CPU = Release|Any CPU
	EndGlobalSection
	GlobalSection(ProjectConfigurationPlatforms) = postSolution
		{5BFB66DC-A75F-4518-8E71-FD3902285BBF}.Debug|Any CPU.ActiveCfg = Debug|Any CPU
		{5BFB66DC-A75F-4518-8E71-FD3902285BBF}.Debug|Any CPU.Build.0 = Debug|Any CPU
		{5BFB66DC-A75F-4518-8E71-FD3902285BBF}.Release|Any CPU.ActiveCfg = Release|Any CPU
		{5BFB66DC-A75F-4518-8E71-FD3902285BBF}.Release|Any CPU.Build.0 = Release|Any CPU
	EndGlobalSection
	GlobalSection(SolutionProperties) = preSolution
		HideSolutionNode = FALSE
	EndGlobalSection
	GlobalSection(ExtensibilityGlobals) = postSolution
		SolutionGuid = {4FEDD159-4DAE-466C-B7FD-D7C91032DB15}
	EndGlobalSection
EndGlobal
